
Microsoft Visual Studio Solution File, Format Version 12.00
# Visual Studio Version 17
VisualStudioVersion = 17.0.31919.166
MinimumVisualStudioVersion = 10.0.40219.1
Project("{FAE04EC0-301F-11D3-BF4B-00C04F79EFBC}") = "EmployeeManagment", "EmployeeManagment\EmployeeManagment.csproj", "{F2079A20-2A45-4127-8B14-956198F383DA}"
EndProject
Global
	GlobalSection(SolutionConfigurationPlatforms) = preSolution
		Debug|Any CPU = Debug|Any CPU
		Release|Any CPU = Release|Any CPU
	EndGlobalSection
	GlobalSection(ProjectConfigurationPlatforms) = postSolution
		{F2079A20-2A45-4127-8B14-956198F383DA}.Debug|Any CPU.ActiveCfg = Debug|Any CPU
		{F2079A20-2A45-4127-8B14-956198F383DA}.Debug|Any CPU.Build.0 = Debug|Any CPU
		{F2079A20-2A45-4127-8B14-956198F383DA}.Release|Any CPU.ActiveCfg = Release|Any CPU
		{F2079A20-2A45-4127-8B14-956198F383DA}.Release|Any CPU.Build.0 = Release|Any CPU
	EndGlobalSection
	GlobalSection(SolutionProperties) = preSolution
		HideSolutionNode = FALSE
	EndGlobalSection
	GlobalSection(ExtensibilityGlobals) = postSolution
		SolutionGuid = {788E0E82-2641-426E-BC3E-AEEEEBE52FCB}
	EndGlobalSection
EndGlobal
